
Microsoft Visual Studio Solution File, Format Version 12.00
# Visual Studio Version 16
VisualStudioVersion = 16.0.29306.81
MinimumVisualStudioVersion = 10.0.40219.1
Project("{FAE04EC0-301F-11D3-BF4B-00C04F79EFBC}") = "MyWebApplication1", "MyWebApplication1\MyWebApplication1.csproj", "{776687B1-61C4-450C-BA68-FA2B37977473}"
EndProject
Global
	GlobalSection(SolutionConfigurationPlatforms) = preSolution
		Debug|Any CPU = Debug|Any CPU
		Release|Any CPU = Release|Any CPU
	EndGlobalSection
	GlobalSection(ProjectConfigurationPlatforms) = postSolution
		{776687B1-61C4-450C-BA68-FA2B37977473}.Debug|Any CPU.ActiveCfg = Debug|Any CPU
		{776687B1-61C4-450C-BA68-FA2B37977473}.Debug|Any CPU.Build.0 = Debug|Any CPU
		{776687B1-61C4-450C-BA68-FA2B37977473}.Release|Any CPU.ActiveCfg = Release|Any CPU
		{776687B1-61C4-450C-BA68-FA2B37977473}.Release|Any CPU.Build.0 = Release|Any CPU
	EndGlobalSection
	GlobalSection(SolutionProperties) = preSolution
		HideSolutionNode = FALSE
	EndGlobalSection
	GlobalSection(ExtensibilityGlobals) = postSolution
		SolutionGuid = {57862EDC-CF67-419E-B92B-B3243A6F4C29}
	EndGlobalSection
EndGlobal
